
Microsoft Visual Studio Solution File, Format Version 12.00
# Visual Studio Version 16
VisualStudioVersion = 16.0.31019.35
MinimumVisualStudioVersion = 10.0.40219.1
Project("{FAE04EC0-301F-11D3-BF4B-00C04F79EFBC}") = "WebApi", "WebApi\WebApi.csproj", "{766B9E1D-A074-4CAC-B21A-4FC9A9474F71}"
EndProject
Global
	GlobalSection(SolutionConfigurationPlatforms) = preSolution
		Debug|Any CPU = Debug|Any CPU
		Release|Any CPU = Release|Any CPU
	EndGlobalSection
	GlobalSection(ProjectConfigurationPlatforms) = postSolution
		{766B9E1D-A074-4CAC-B21A-4FC9A9474F71}.Debug|Any CPU.ActiveCfg = Debug|Any CPU
		{766B9E1D-A074-4CAC-B21A-4FC9A9474F71}.Debug|Any CPU.Build.0 = Debug|Any CPU
		{766B9E1D-A074-4CAC-B21A-4FC9A9474F71}.Release|Any CPU.ActiveCfg = Release|Any CPU
		{766B9E1D-A074-4CAC-B21A-4FC9A9474F71}.Release|Any CPU.Build.0 = Release|Any CPU
	EndGlobalSection
	GlobalSection(SolutionProperties) = preSolution
		HideSolutionNode = FALSE
	EndGlobalSection
	GlobalSection(ExtensibilityGlobals) = postSolution
		SolutionGuid = {9B9513F3-4436-4544-A312-18DC05401717}
	EndGlobalSection
EndGlobal
